
Microsoft Visual Studio Solution File, Format Version 12.00
# Visual Studio 15
VisualStudioVersion = 15.0.27130.2027
MinimumVisualStudioVersion = 10.0.40219.1
Project("{8BC9CEB8-8B4A-11D0-8D11-00A0C91BC942}") = "commonfunctest", "commonfunctest.vcxproj", "{7CCD0B12-3A6F-4804-91DC-3C2F69993E1C}"
	ProjectSection(ProjectDependencies) = postProject
		{CC482842-6B46-401A-9911-E6A7D084AB26} = {CC482842-6B46-401A-9911-E6A7D084AB26}
	EndProjectSection
EndProject
Project("{8BC9CEB8-8B4A-11D0-8D11-00A0C91BC942}") = "commonfunc", "..\..\src\commonfunc\commonfunc.vcxproj", "{8061DCB2-52A6-462E-8955-FCFE6F7A7D41}"
	ProjectSection(ProjectDependencies) = postProject
		{CC482842-6B46-401A-9911-E6A7D084AB26} = {CC482842-6B46-401A-9911-E6A7D084AB26}
	EndProjectSection
EndProject
Project("{8BC9CEB8-8B4A-11D0-8D11-00A0C91BC942}") = "stkpl", "..\..\src\stkpl\stkpl.vcxproj", "{CC482842-6B46-401A-9911-E6A7D084AB26}"
EndProject
Global
	GlobalSection(SolutionConfigurationPlatforms) = preSolution
		Debug|Win32 = Debug|Win32
		Debug|x64 = Debug|x64
		Release|Win32 = Release|Win32
		Release|x64 = Release|x64
	EndGlobalSection
	GlobalSection(ProjectConfigurationPlatforms) = postSolution
		{7CCD0B12-3A6F-4804-91DC-3C2F69993E1C}.Debug|Win32.ActiveCfg = Debug|Win32
		{7CCD0B12-3A6F-4804-91DC-3C2F69993E1C}.Debug|Win32.Build.0 = Debug|Win32
		{7CCD0B12-3A6F-4804-91DC-3C2F69993E1C}.Debug|x64.ActiveCfg = Debug|Win32
		{7CCD0B12-3A6F-4804-91DC-3C2F69993E1C}.Release|Win32.ActiveCfg = Release|Win32
		{7CCD0B12-3A6F-4804-91DC-3C2F69993E1C}.Release|Win32.Build.0 = Release|Win32
		{7CCD0B12-3A6F-4804-91DC-3C2F69993E1C}.Release|x64.ActiveCfg = Release|Win32
		{8061DCB2-52A6-462E-8955-FCFE6F7A7D41}.Debug|Win32.ActiveCfg = Debug|Win32
		{8061DCB2-52A6-462E-8955-FCFE6F7A7D41}.Debug|Win32.Build.0 = Debug|Win32
		{8061DCB2-52A6-462E-8955-FCFE6F7A7D41}.Debug|x64.ActiveCfg = Debug|Win32
		{8061DCB2-52A6-462E-8955-FCFE6F7A7D41}.Release|Win32.ActiveCfg = Release|Win32
		{8061DCB2-52A6-462E-8955-FCFE6F7A7D41}.Release|Win32.Build.0 = Release|Win32
		{8061DCB2-52A6-462E-8955-FCFE6F7A7D41}.Release|x64.ActiveCfg = Release|Win32
		{CC482842-6B46-401A-9911-E6A7D084AB26}.Debug|Win32.ActiveCfg = Debug|Win32
		{CC482842-6B46-401A-9911-E6A7D084AB26}.Debug|Win32.Build.0 = Debug|Win32
		{CC482842-6B46-401A-9911-E6A7D084AB26}.Debug|x64.ActiveCfg = Debug|x64
		{CC482842-6B46-401A-9911-E6A7D084AB26}.Debug|x64.Build.0 = Debug|x64
		{CC482842-6B46-401A-9911-E6A7D084AB26}.Release|Win32.ActiveCfg = Release|Win32
		{CC482842-6B46-401A-9911-E6A7D084AB26}.Release|Win32.Build.0 = Release|Win32
		{CC482842-6B46-401A-9911-E6A7D084AB26}.Release|x64.ActiveCfg = Release|x64
		{CC482842-6B46-401A-9911-E6A7D084AB26}.Release|x64.Build.0 = Release|x64
	EndGlobalSection
	GlobalSection(SolutionProperties) = preSolution
		HideSolutionNode = FALSE
	EndGlobalSection
	GlobalSection(ExtensibilityGlobals) = postSolution
		SolutionGuid = {74DA578F-33D7-4C6C-B9E0-51B6F47F5D6C}
	EndGlobalSection
EndGlobal
