
Microsoft Visual Studio Solution File, Format Version 12.00
# Visual Studio 15
VisualStudioVersion = 15.0.27130.2027
MinimumVisualStudioVersion = 10.0.40219.1
Project("{8BC9CEB8-8B4A-11D0-8D11-00A0C91BC942}") = "stkthreadguitest", "stkthreadguitest.vcxproj", "{FD82EE01-93E9-400C-9D97-8348E82D6A96}"
EndProject
Project("{8BC9CEB8-8B4A-11D0-8D11-00A0C91BC942}") = "stkthread", "..\..\src\stkthread\stkthread.vcxproj", "{C85C9417-1312-4A69-B254-B4F041A9D9C1}"
EndProject
Project("{8BC9CEB8-8B4A-11D0-8D11-00A0C91BC942}") = "stkthreadgui", "..\..\src\stkthreadgui\stkthreadgui.vcxproj", "{B9A3808F-C8FF-42C4-9F67-8C4274AEE32D}"
EndProject
Global
	GlobalSection(SolutionConfigurationPlatforms) = preSolution
		Debug|Win32 = Debug|Win32
		Release|Win32 = Release|Win32
	EndGlobalSection
	GlobalSection(ProjectConfigurationPlatforms) = postSolution
		{FD82EE01-93E9-400C-9D97-8348E82D6A96}.Debug|Win32.ActiveCfg = Debug|Win32
		{FD82EE01-93E9-400C-9D97-8348E82D6A96}.Debug|Win32.Build.0 = Debug|Win32
		{FD82EE01-93E9-400C-9D97-8348E82D6A96}.Release|Win32.ActiveCfg = Release|Win32
		{FD82EE01-93E9-400C-9D97-8348E82D6A96}.Release|Win32.Build.0 = Release|Win32
		{C85C9417-1312-4A69-B254-B4F041A9D9C1}.Debug|Win32.ActiveCfg = Debug|Win32
		{C85C9417-1312-4A69-B254-B4F041A9D9C1}.Debug|Win32.Build.0 = Debug|Win32
		{C85C9417-1312-4A69-B254-B4F041A9D9C1}.Release|Win32.ActiveCfg = Release|Win32
		{C85C9417-1312-4A69-B254-B4F041A9D9C1}.Release|Win32.Build.0 = Release|Win32
		{B9A3808F-C8FF-42C4-9F67-8C4274AEE32D}.Debug|Win32.ActiveCfg = Debug|Win32
		{B9A3808F-C8FF-42C4-9F67-8C4274AEE32D}.Debug|Win32.Build.0 = Debug|Win32
		{B9A3808F-C8FF-42C4-9F67-8C4274AEE32D}.Release|Win32.ActiveCfg = Release|Win32
		{B9A3808F-C8FF-42C4-9F67-8C4274AEE32D}.Release|Win32.Build.0 = Release|Win32
	EndGlobalSection
	GlobalSection(SolutionProperties) = preSolution
		HideSolutionNode = FALSE
	EndGlobalSection
	GlobalSection(ExtensibilityGlobals) = postSolution
		SolutionGuid = {0D204E33-07BB-41D7-BEBB-1293A2A2A427}
	EndGlobalSection
EndGlobal
